
Microsoft Visual Studio Solution File, Format Version 12.00
# Visual Studio Version 17
VisualStudioVersion = 17.11.35222.181
MinimumVisualStudioVersion = 10.0.40219.1
Project("{FAE04EC0-301F-11D3-BF4B-00C04F79EFBC}") = "CF-Data-Marshalling", "CF-Data-Marshalling\CF-Data-Marshalling.csproj", "{AEDDFE7A-4495-4B30-BCCD-5C90F0DF5E6F}"
EndProject
Global
	GlobalSection(SolutionConfigurationPlatforms) = preSolution
		Debug|Any CPU = Debug|Any CPU
		Release|Any CPU = Release|Any CPU
	EndGlobalSection
	GlobalSection(ProjectConfigurationPlatforms) = postSolution
		{AEDDFE7A-4495-4B30-BCCD-5C90F0DF5E6F}.Debug|Any CPU.ActiveCfg = Debug|Any CPU
		{AEDDFE7A-4495-4B30-BCCD-5C90F0DF5E6F}.Debug|Any CPU.Build.0 = Debug|Any CPU
		{AEDDFE7A-4495-4B30-BCCD-5C90F0DF5E6F}.Release|Any CPU.ActiveCfg = Release|Any CPU
		{AEDDFE7A-4495-4B30-BCCD-5C90F0DF5E6F}.Release|Any CPU.Build.0 = Release|Any CPU
	EndGlobalSection
	GlobalSection(SolutionProperties) = preSolution
		HideSolutionNode = FALSE
	EndGlobalSection
	GlobalSection(ExtensibilityGlobals) = postSolution
		SolutionGuid = {DA812A23-3C7D-405E-A6CF-4FFAD9FFBCB6}
	EndGlobalSection
EndGlobal
